
Microsoft Visual Studio Solution File, Format Version 12.00
# Visual Studio Version 17
VisualStudioVersion = 17.4.33205.214
MinimumVisualStudioVersion = 10.0.40219.1
Project("{9A19103F-16F7-4668-BE54-9A1E7A4F7556}") = "blog", "blog.csproj", "{E36DC1DC-C744-4045-97DF-C21B7EE2FD8B}"
EndProject
Global
	GlobalSection(SolutionConfigurationPlatforms) = preSolution
		Debug|Any CPU = Debug|Any CPU
		Release|Any CPU = Release|Any CPU
	EndGlobalSection
	GlobalSection(ProjectConfigurationPlatforms) = postSolution
		{E36DC1DC-C744-4045-97DF-C21B7EE2FD8B}.Debug|Any CPU.ActiveCfg = Debug|Any CPU
		{E36DC1DC-C744-4045-97DF-C21B7EE2FD8B}.Debug|Any CPU.Build.0 = Debug|Any CPU
		{E36DC1DC-C744-4045-97DF-C21B7EE2FD8B}.Release|Any CPU.ActiveCfg = Release|Any CPU
		{E36DC1DC-C744-4045-97DF-C21B7EE2FD8B}.Release|Any CPU.Build.0 = Release|Any CPU
	EndGlobalSection
	GlobalSection(SolutionProperties) = preSolution
		HideSolutionNode = FALSE
	EndGlobalSection
	GlobalSection(ExtensibilityGlobals) = postSolution
		SolutionGuid = {068A13D8-9870-4201-A7E3-31D780F91264}
	EndGlobalSection
EndGlobal
